<?xml version="1.0" encoding="utf-8"?>
<Project ToolsVersion="4.0" xmlns="http://schemas.microsoft.com/developer/msbuild/2003">
  <ItemGroup>
    <Filter Include="Source Files">
      <UniqueIdentifier>{4FC737F1-C7A5-4376-A066-2A32D752A2FF}</UniqueIdentifier>
      <Extensions>cpp;c;cc;cxx;c++;cppm;ixx;def;odl;idl;hpj;bat;asm;asmx</Extensions>
    </Filter>
    <Filter Include="Header Files">
      <UniqueIdentifier>{93995380-89BD-4b04-88EB-625FBE52EBFB}</UniqueIdentifier>
      <Extensions>h;hh;hpp;hxx;h++;hm;inl;inc;ipp;xsd</Extensions>
    </Filter>
    <Filter Include="Resource Files">
      <UniqueIdentifier>{67DA6AB6-F800-4c08-8B7A-83BB121AAD01}</UniqueIdentifier>
      <Extensions>rc;ico;cur;bmp;dlg;rc2;rct;bin;rgs;gif;jpg;jpeg;jpe;resx;tiff;tif;png;wav;mfcribbon-ms</Extensions>
    </Filter>
    <Filter Include="shaders">
      <UniqueIdentifier>{50e5c93d-da25-46b5-9b52-0066daa61832}</UniqueIdentifier>
    </Filter>
  </ItemGroup>
  <ItemGroup>
    <ClCompile Include="main.cpp">
      <Filter>Source Files</Filter>
    </ClCompile>
    <ClCompile Include="openGL\shaders\ShaderProgram.cpp">
      <Filter>Source Files</Filter>
    </ClCompile>
    <ClCompile Include="openGL\shaders\Shader.cpp">
      <Filter>Source Files</Filter>
    </ClCompile>
    <ClCompile Include="openGL\core\OpenGLCore.cpp">
      <Filter>Source Files</Filter>
    </ClCompile>
    <ClCompile Include="..\dep\glad\glad.c">
      <Filter>Source Files</Filter>
    </ClCompile>
    <ClCompile Include="openGL\textures\TextureBase.cpp">
      <Filter>Source Files</Filter>
    </ClCompile>
    <ClCompile Include="openGL\model\ModelBase.cpp">
      <Filter>Source Files</Filter>
    </ClCompile>
  </ItemGroup>
  <ItemGroup>
    <ClInclude Include="config.h">
      <Filter>Header Files</Filter>
    </ClInclude>
    <ClInclude Include="openGL\shaders\ShaderProgram.h">
      <Filter>Header Files</Filter>
    </ClInclude>
    <ClInclude Include="openGL\shaders\Shader.h">
      <Filter>Header Files</Filter>
    </ClInclude>
    <ClInclude Include="openGL\core\OpenGLCore.h">
      <Filter>Header Files</Filter>
    </ClInclude>
    <ClInclude Include="..\dep\stb\stb_image.h">
      <Filter>Header Files</Filter>
    </ClInclude>
    <ClInclude Include="stb_image_impl.h">
      <Filter>Header Files</Filter>
    </ClInclude>
    <ClInclude Include="openGL\textures\TextureBase.h">
      <Filter>Header Files</Filter>
    </ClInclude>
    <ClInclude Include="framework\events\EventBase.hpp">
      <Filter>Header Files</Filter>
    </ClInclude>
    <ClInclude Include="framework\events\EventPublisher.h">
      <Filter>Header Files</Filter>
    </ClInclude>
    <ClInclude Include="openGL\event\ProcessInputEvent.h">
      <Filter>Header Files</Filter>
    </ClInclude>
    <ClInclude Include="framework\events\TEventBase.h">
      <Filter>Header Files</Filter>
    </ClInclude>
    <ClInclude Include="framework\events\EventDataBase.h">
      <Filter>Header Files</Filter>
    </ClInclude>
    <ClInclude Include="framework\events\EventSubscriberBase.h">
      <Filter>Header Files</Filter>
    </ClInclude>
    <ClInclude Include="framework\events\TEventSubscriberBase.h">
      <Filter>Header Files</Filter>
    </ClInclude>
    <ClInclude Include="openGL\camera\CameraBase.h">
      <Filter>Header Files</Filter>
    </ClInclude>
    <ClInclude Include="openGL\event\FrameRenderEvent.h">
      <Filter>Header Files</Filter>
    </ClInclude>
    <ClInclude Include="openGL\event\MouseInputEvent.h">
      <Filter>Header Files</Filter>
    </ClInclude>
    <ClInclude Include="openGL\primitives\PlanePrimitive.h">
      <Filter>Header Files</Filter>
    </ClInclude>
    <ClInclude Include="openGL\primitives\PrimitiveBase.h">
      <Filter>Header Files</Filter>
    </ClInclude>
    <ClInclude Include="openGL\primitives\GridPrimitive.h">
      <Filter>Header Files</Filter>
    </ClInclude>
    <ClInclude Include="openGL\primitives\CubePrimitive.h">
      <Filter>Header Files</Filter>
    </ClInclude>
    <ClInclude Include="openGL\primitives\TrianglePrimitive.h">
      <Filter>Header Files</Filter>
    </ClInclude>
    <ClInclude Include="openGL\primitives\CirclePrimitive.h">
      <Filter>Header Files</Filter>
    </ClInclude>
    <ClInclude Include="openGL\primitives\UVSpherePrimitive.h">
      <Filter>Header Files</Filter>
    </ClInclude>
    <ClInclude Include="openGL\entity\property\EntityPropertyPosition.h">
      <Filter>Header Files</Filter>
    </ClInclude>
    <ClInclude Include="openGL\entity\property\EntityPropertyOrientation.h">
      <Filter>Header Files</Filter>
    </ClInclude>
    <ClInclude Include="openGL\entity\property\EntityPropertyScale.h">
      <Filter>Header Files</Filter>
    </ClInclude>
    <ClInclude Include="openGL\entity\property\EntityPropertyBase.h">
      <Filter>Header Files</Filter>
    </ClInclude>
    <ClInclude Include="openGL\entity\property\EntityPropertyDimensions.h">
      <Filter>Header Files</Filter>
    </ClInclude>
    <ClInclude Include="openGL\mesh\base\MeshBase.h">
      <Filter>Header Files</Filter>
    </ClInclude>
    <ClInclude Include="openGL\mesh\base\VertexBase.h">
      <Filter>Header Files</Filter>
    </ClInclude>
    <ClInclude Include="openGL\entity\property\EntityPropertyColor.h">
      <Filter>Header Files</Filter>
    </ClInclude>
    <ClInclude Include="openGL\entity\property\EntityPropertyNormal.h">
      <Filter>Header Files</Filter>
    </ClInclude>
    <ClInclude Include="openGL\mesh\base\property\VertexBasePropertyTexelCoordinates.h">
      <Filter>Header Files</Filter>
    </ClInclude>
    <ClInclude Include="framework\property\PropertyBase.h">
      <Filter>Header Files</Filter>
    </ClInclude>
    <ClInclude Include="openGL\model\ModelBase.h">
      <Filter>Header Files</Filter>
    </ClInclude>
    <ClInclude Include="framework\property\PropertyBaseMorphOperands.h">
      <Filter>Header Files</Filter>
    </ClInclude>
  </ItemGroup>
  <ItemGroup>
    <None Include="res\shaders\shader.fs" />
    <None Include="res\shaders\shader.vs" />
    <None Include="res\shaders\texturedshader.fs" />
    <None Include="res\shaders\texturedshader.vs" />
    <None Include="res\shaders\textured_colored_shader.fs" />
    <None Include="res\shaders\textured_colored_shader.vs" />
  </ItemGroup>
  <ItemGroup>
    <Image Include="res\textures\container.jpg">
      <Filter>Resource Files</Filter>
    </Image>
    <Image Include="res\textures\awesomeface.png">
      <Filter>Resource Files</Filter>
    </Image>
    <Image Include="res\textures\awesomeface.jpg">
      <Filter>Resource Files</Filter>
    </Image>
  </ItemGroup>
</Project>